
Microsoft Visual Studio Solution File, Format Version 12.00
# Visual Studio Version 16
VisualStudioVersion = 16.0.31205.134
MinimumVisualStudioVersion = 10.0.40219.1
Project("{FAE04EC0-301F-11D3-BF4B-00C04F79EFBC}") = "inverse-of-a-matrix", "inverse-of-a-matrix\inverse-of-a-matrix.csproj", "{4E4D40CF-0920-4AB7-B185-2C4FDC4C5F54}"
EndProject
Global
	GlobalSection(SolutionConfigurationPlatforms) = preSolution
		Debug|Any CPU = Debug|Any CPU
		Release|Any CPU = Release|Any CPU
	EndGlobalSection
	GlobalSection(ProjectConfigurationPlatforms) = postSolution
		{4E4D40CF-0920-4AB7-B185-2C4FDC4C5F54}.Debug|Any CPU.ActiveCfg = Debug|Any CPU
		{4E4D40CF-0920-4AB7-B185-2C4FDC4C5F54}.Debug|Any CPU.Build.0 = Debug|Any CPU
		{4E4D40CF-0920-4AB7-B185-2C4FDC4C5F54}.Release|Any CPU.ActiveCfg = Release|Any CPU
		{4E4D40CF-0920-4AB7-B185-2C4FDC4C5F54}.Release|Any CPU.Build.0 = Release|Any CPU
	EndGlobalSection
	GlobalSection(SolutionProperties) = preSolution
		HideSolutionNode = FALSE
	EndGlobalSection
	GlobalSection(ExtensibilityGlobals) = postSolution
		SolutionGuid = {6BF71344-6D9A-4F4D-B028-62AE0E21ABE8}
	EndGlobalSection
EndGlobal
